{"version":4,"terraform_version":"1.11.7","serial":10,"lineage":"74218887-86d0-97e8-3815-54dce0a3bd3a","outputs":{"dynamodb_table":{"value":"argly-tofu-locks-iaac","type":"string"},"github_actions_role_arn":{"value":"arn:aws:iam::499290258933:role/github-actions-argly-api-deploy","type":"string"},"state_bucket":{"value":"argly-tofu-state-iaac","type":"string"}},"resources":[{"mode":"data","type":"aws_iam_openid_connect_provider","name":"github","provider":"provider[\"registry.opentofu.org/hashicorp/aws\"]","instances":[{"schema_version":0,"attributes":{"arn":"arn:aws:iam::499290258933:oidc-provider/token.actions.githubusercontent.com","client_id_list":["sts.amazonaws.com"],"id":"arn:aws:iam::499290258933:oidc-provider/token.actions.githubusercontent.com","tags":{"ManagedBy":"OpenTofu-Bootstrap","Project":"argly"},"thumbprint_list":["ab9d0263244dd0326eb67015705a667e79cfe998"],"url":"token.actions.githubusercontent.com"},"sensitive_attributes":[]}]},{"mode":"managed","type":"aws_dynamodb_table","name":"terraform_locks","provider":"provider[\"registry.opentofu.org/hashicorp/aws\"]","instances":[{"schema_version":1,"attributes":{"arn":"arn:aws:dynamodb:sa-east-1:499290258933:table/argly-tofu-locks-iaac","attribute":[{"name":"LockID","type":"S"}],"billing_mode":"PAY_PER_REQUEST","deletion_protection_enabled":false,"global_secondary_index":[],"hash_key":"LockID","id":"argly-tofu-locks-iaac","import_table":[],"local_secondary_index":[],"name":"argly-tofu-locks-iaac","on_demand_throughput":[],"point_in_time_recovery":[{"enabled":false,"recovery_period_in_days":0}],"range_key":null,"read_capacity":0,"replica":[],"restore_date_time":null,"restore_source_name":null,"restore_source_table_arn":null,"restore_to_latest_time":null,"server_side_encryption":[],"stream_arn":"","stream_enabled":false,"stream_label":"","stream_view_type":"","table_class":"STANDARD","tags":{},"tags_all":{"Component":"Bootstrap","ManagedBy":"OpenTofu","Project":"argly"},"timeouts":null,"ttl":[{"attribute_name":"","enabled":false}],"write_capacity":0},"sensitive_attributes":[],"private":"eyJlMmJmYjczMC1lY2FhLTExZTYtOGY4OC0zNDM2M2JjN2M0YzAiOnsiY3JlYXRlIjoxODAwMDAwMDAwMDAwLCJkZWxldGUiOjYwMDAwMDAwMDAwMCwidXBkYXRlIjozNjAwMDAwMDAwMDAwfSwic2NoZW1hX3ZlcnNpb24iOiIxIn0="}]},{"mode":"managed","type":"aws_iam_role","name":"github_actions","provider":"provider[\"registry.opentofu.org/hashicorp/aws\"]","instances":[{"schema_version":0,"attributes":{"arn":"arn:aws:iam::499290258933:role/github-actions-argly-api-deploy","assume_role_policy":"{\"Statement\":[{\"Action\":\"sts:AssumeRoleWithWebIdentity\",\"Condition\":{\"StringEquals\":{\"token.actions.githubusercontent.com:aud\":\"sts.amazonaws.com\"},\"StringLike\":{\"token.actions.githubusercontent.com:sub\":\"repo:xlmriosx/argly:*\"}},\"Effect\":\"Allow\",\"Principal\":{\"Federated\":\"arn:aws:iam::499290258933:oidc-provider/token.actions.githubusercontent.com\"}}],\"Version\":\"2012-10-17\"}","create_date":"2026-07-11T23:48:18Z","description":"","force_detach_policies":false,"id":"github-actions-argly-api-deploy","inline_policy":[{"name":"argly-github-actions-policy","policy":"{\"Version\":\"2012-10-17\",\"Statement\":[{\"Action\":[\"ecr:GetAuthorizationToken\"],\"Effect\":\"Allow\",\"Resource\":\"*\"},{\"Action\":[\"ecr:BatchCheckLayerAvailability\",\"ecr:GetDownloadUrlForLayer\",\"ecr:GetRepositoryPolicy\",\"ecr:DescribeRepositories\",\"ecr:ListImages\",\"ecr:DescribeImages\",\"ecr:BatchGetImage\",\"ecr:InitiateLayerUpload\",\"ecr:UploadLayerPart\",\"ecr:CompleteLayerUpload\",\"ecr:PutImage\"],\"Effect\":\"Allow\",\"Resource\":\"arn:aws:ecr:sa-east-1:*:repository/argly-api\"},{\"Action\":[\"lambda:UpdateFunctionCode\",\"lambda:GetFunction\"],\"Effect\":\"Allow\",\"Resource\":\"arn:aws:lambda:sa-east-1:*:function:argly-function\"}]}"}],"managed_policy_arns":[],"max_session_duration":3600,"name":"github-actions-argly-api-deploy","name_prefix":"","path":"/","permissions_boundary":"","tags":{},"tags_all":{"Component":"Bootstrap","ManagedBy":"OpenTofu","Project":"argly"},"unique_id":"AROAXIQAEXX24JVES7DT5"},"sensitive_attributes":[],"private":"bnVsbA==","dependencies":["data.aws_iam_openid_connect_provider.github"]}]},{"mode":"managed","type":"aws_iam_role_policy","name":"github_actions_policy","provider":"provider[\"registry.opentofu.org/hashicorp/aws\"]","instances":[{"schema_version":0,"attributes":{"id":"github-actions-argly-api-deploy:argly-github-actions-policy","name":"argly-github-actions-policy","name_prefix":"","policy":"{\"Version\":\"2012-10-17\",\"Statement\":[{\"Action\":[\"ecr:GetAuthorizationToken\"],\"Effect\":\"Allow\",\"Resource\":\"*\"},{\"Action\":[\"ecr:BatchCheckLayerAvailability\",\"ecr:GetDownloadUrlForLayer\",\"ecr:GetRepositoryPolicy\",\"ecr:DescribeRepositories\",\"ecr:ListImages\",\"ecr:DescribeImages\",\"ecr:BatchGetImage\",\"ecr:InitiateLayerUpload\",\"ecr:UploadLayerPart\",\"ecr:CompleteLayerUpload\",\"ecr:PutImage\"],\"Effect\":\"Allow\",\"Resource\":\"arn:aws:ecr:sa-east-1:*:repository/argly-api\"},{\"Action\":[\"lambda:UpdateFunctionCode\",\"lambda:GetFunction\"],\"Effect\":\"Allow\",\"Resource\":\"arn:aws:lambda:sa-east-1:*:function:argly-function\"}]}","role":"github-actions-argly-api-deploy"},"sensitive_attributes":[],"private":"bnVsbA==","dependencies":["aws_iam_role.github_actions","data.aws_iam_openid_connect_provider.github"]}]},{"mode":"managed","type":"aws_s3_bucket","name":"terraform_state","provider":"provider[\"registry.opentofu.org/hashicorp/aws\"]","instances":[{"schema_version":0,"attributes":{"acceleration_status":"","acl":null,"arn":"arn:aws:s3:::argly-tofu-state-iaac","bucket":"argly-tofu-state-iaac","bucket_domain_name":"argly-tofu-state-iaac.s3.amazonaws.com","bucket_prefix":"","bucket_regional_domain_name":"argly-tofu-state-iaac.s3.sa-east-1.amazonaws.com","cors_rule":[],"force_destroy":false,"grant":[{"id":"0412ee5282de21319559f9b131a1b797f8ed732ce3ee0656ddd9c258bed10d1e","permissions":["FULL_CONTROL"],"type":"CanonicalUser","uri":""}],"hosted_zone_id":"Z7KQH4QJS55SO","id":"argly-tofu-state-iaac","lifecycle_rule":[],"logging":[],"object_lock_configuration":[],"object_lock_enabled":false,"policy":"","region":"sa-east-1","replication_configuration":[],"request_payer":"BucketOwner","server_side_encryption_configuration":[{"rule":[{"apply_server_side_encryption_by_default":[{"kms_master_key_id":"","sse_algorithm":"AES256"}],"bucket_key_enabled":false}]}],"tags":{},"tags_all":{"Component":"Bootstrap","ManagedBy":"OpenTofu","Project":"argly"},"timeouts":null,"versioning":[{"enabled":true,"mfa_delete":false}],"website":[],"website_domain":null,"website_endpoint":null},"sensitive_attributes":[],"private":"eyJlMmJmYjczMC1lY2FhLTExZTYtOGY4OC0zNDM2M2JjN2M0YzAiOnsiY3JlYXRlIjoxMjAwMDAwMDAwMDAwLCJkZWxldGUiOjM2MDAwMDAwMDAwMDAsInJlYWQiOjEyMDAwMDAwMDAwMDAsInVwZGF0ZSI6MTIwMDAwMDAwMDAwMH19"}]},{"mode":"managed","type":"aws_s3_bucket_public_access_block","name":"terraform_state_access","provider":"provider[\"registry.opentofu.org/hashicorp/aws\"]","instances":[{"schema_version":0,"attributes":{"block_public_acls":true,"block_public_policy":true,"bucket":"argly-tofu-state-iaac","id":"argly-tofu-state-iaac","ignore_public_acls":true,"restrict_public_buckets":true},"sensitive_attributes":[],"private":"bnVsbA==","dependencies":["aws_s3_bucket.terraform_state"]}]},{"mode":"managed","type":"aws_s3_bucket_versioning","name":"terraform_state_versioning","provider":"provider[\"registry.opentofu.org/hashicorp/aws\"]","instances":[{"schema_version":0,"attributes":{"bucket":"argly-tofu-state-iaac","expected_bucket_owner":"","id":"argly-tofu-state-iaac","mfa":null,"versioning_configuration":[{"mfa_delete":"","status":"Enabled"}]},"sensitive_attributes":[],"private":"bnVsbA==","dependencies":["aws_s3_bucket.terraform_state"]}]}],"check_results":null}
